github.com/BurntSushi/toml v0.2.1-0.20160707233338-ffaa107fbd88 h1:ntlPYCOIHaSn1L9h2lA0c0yhlw09fBQVZP2Gjg/nh5Y=
github.com/BurntSushi/toml v0.2.1-0.20160707233338-ffaa107fbd88/go.mod h1:xHWCNGjB5oqiDr8zfno3MHue2Ht5sIBksp03qcyfWMU=
github.com/fsnotify/fsnotify v1.3.1 h1:Ls7eCFzutKKUlbY8E5wXfcRWGH4qLQxkDoydIPh94X4=
github.com/fsnotify/fsnotify v1.3.1/go.mod h1:jwhsz4b93w/PPRr/qN1Yymfu8t87LnFCMoQvtojpjFo=
github.com/hashicorp/hcl v0.0.0-20160708141338-364df430845a h1:kABSmTPUjBq2MDFgn9GduPa9Cmyt/4CfxqwRvGhJy3w=
github.com/hashicorp/hcl v0.0.0-20160708141338-364df430845a/go.mod h1:oZtUIOe8dh44I2q6ScRibXws4Ajl+d+nod3AaR9vL5w=
github.com/inconshreveable/mousetrap v1.0.0/go.mod h1:PxqpIevigyE2G7u3NXJIT2ANytuPF1OarO4DADm73n8=
github.com/magiconair/properties v1.7.1-0.20160705171333-e2f061ecfdac h1:T12/TZ6vdLzqvR2uQ5zJfUeOFlowCQBH8oaT2GMC9YM=
github.com/magiconair/properties v1.7.1-0.20160705171333-e2f061ecfdac/go.mod h1:PppfXfuXeibc/6YijjN8zIbojt8czPbwD3XqdrwzmxQ=
github.com/mitchellh/mapstructure v0.0.0-20160212031839-d2dd02622084 h1:Z2EJ6SUYrzx6J/YH/ltZthkUQTB/5+Ykpkew6y9DGJE=
github.com/mitchellh/mapstructure v0.0.0-20160212031839-d2dd02622084/go.mod h1:FVVH3fgwuzCH5S8UJGiWEs2h04kUh9fWfEaFds41c1Y=
github.com/spf13/cast v0.0.0-20160314192028-27b586b42e29 h1:Lgc6pP3ludnufG3ehP2WboB0IIKxlizm8NvXsI0/Z58=
github.com/spf13/cast v0.0.0-20160314192028-27b586b42e29/go.mod h1:r2rcYCSwa1IExKTDiTfzaxqT2FNHs8hODu4LnUfgKEg=
github.com/spf13/cobra v0.0.0-20160708202402-a272c3cbd5ff h1:5yDVKp3UzVKSUc9720sZdiz9sIiiZhlgP2KAbizbNRs=
github.com/spf13/cobra v0.0.0-20160708202402-a272c3cbd5ff/go.mod h1:1l0Ry5zgKvJasoi3XT1TypsSe7PqH0Sj9dhYf7v3XqQ=
github.com/spf13/jwalterweatherman v0.0.0-20160311093646-33c24e77fb80 h1:evyGXhHMrxKBDkdlSPv9HMWV2o53o+Ibhm28BGc0450=
github.com/spf13/jwalterweatherman v0.0.0-20160311093646-33c24e77fb80/go.mod h1:cQK4TGJAtQXfYWX+Ddv3mKDzgVb68N+wFjFa4jdeBTo=
github.com/spf13/pflag v0.0.0-20160610190902-367864438f1b h1:eZZ0QAe7qz2L8dz1t9s6AMlheHgTLP4XcNbCV8HkOkY=
github.com/spf13/pflag v0.0.0-20160610190902-367864438f1b/go.mod h1:DYY7MBk1bdzusC3SYhjObp+wFpr4gzcvqqNjLnInEg4=
github.com/spf13/viper v0.0.0-20160605220307-c1ccc378a054 h1:HFSscibvPFmnVZEdvDyS3kGPjuw8WuSOENhdLLhTd40=
github.com/spf13/viper v0.0.0-20160605220307-c1ccc378a054/go.mod h1:A8kyI5cUJhb8N+3pkfONlcEcZbueH6nhAm0Fq7SrnBM=
github.com/valyala/gorpc v0.0.0-20160519171614-908281bef774 h1:SUHFQHAaySqF0YHCmmm0EIFooFZpDPpi5KTom7YJ07c=
github.com/valyala/gorpc v0.0.0-20160519171614-908281bef774/go.mod h1:8uNqM1i7pr0jO7gdvbNCgsSa8Ki2vMh7JCQxO9BlF90=
golang.org/x/sys v0.0.0-20160704031755-a408501be4d1 h1:QtO5ZFD1u7KisZhuRLL2GaZAZDdJqUcTdjFJj8OEePA=
golang.org/x/sys v0.0.0-20160704031755-a408501be4d1/go.mod h1:STP8DvDyc/dI5b8T5hshtkjS+E42TnysNCUPdjciGhY=
gopkg.in/yaml.v2 v2.0.0-20160301204022-a83829b6f129 h1:RBgb9aPUbZ9nu66ecQNIBNsA7j3mB5h8PNDIfhPjaJg=
gopkg.in/yaml.v2 v2.0.0-20160301204022-a83829b6f129/go.mod h1:JAlM8MvJe8wmxCU4Bli9HhUf9+ttbYbLASfIpnQbh74=
